// !$*UTF8*$!
{
	archiveVersion = 1;
	classes = {
	};
	objectVersion = 52;
	objects = {

/* Begin PBXBuildFile section */
		3A21D2732657DA8E00E11363 /* shell.usdz in Resources */ = {isa = PBXBuildFile; fileRef = 3A21D2722657DA8E00E11363 /* shell.usdz */; };
		3A21D2782657F05D00E11363 /* FocusEntity in Frameworks */ = {isa = PBXBuildFile; productRef = 3A21D2772657F05D00E11363 /* FocusEntity */; };
		3A21D27A2657F0A300E11363 /* FocusARView.swift in Sources */ = {isa = PBXBuildFile; fileRef = 3A21D2792657F0A300E11363 /* FocusARView.swift */; };
		3A21D27C265836D200E11363 /* ViewController+Multipeer.swift in Sources */ = {isa = PBXBuildFile; fileRef = 3A21D27B265836D200E11363 /* ViewController+Multipeer.swift */; };
		3A21D27E26583A3D00E11363 /* Model.swift in Sources */ = {isa = PBXBuildFile; fileRef = 3A21D27D26583A3D00E11363 /* Model.swift */; };
		3A21D28226583AD000E11363 /* stone.usdz in Resources */ = {isa = PBXBuildFile; fileRef = 3A21D27F26583ACF00E11363 /* stone.usdz */; };
		3A21D28326583AD000E11363 /* wood.usdz in Resources */ = {isa = PBXBuildFile; fileRef = 3A21D28026583AD000E11363 /* wood.usdz */; };
		3A21D2892658660500E11363 /* View.xib in Resources */ = {isa = PBXBuildFile; fileRef = 3A21D2882658660500E11363 /* View.xib */; };
		3A21D28B26586E6D00E11363 /* Berlindah.otf in Resources */ = {isa = PBXBuildFile; fileRef = 3A21D28A26586E6D00E11363 /* Berlindah.otf */; };
		3A21D2932658791C00E11363 /* ZoomAndSnapFlowLayout.swift in Sources */ = {isa = PBXBuildFile; fileRef = 3A21D2912658791C00E11363 /* ZoomAndSnapFlowLayout.swift */; };
		3A21D2942658791C00E11363 /* PreviewCollectionView.swift in Sources */ = {isa = PBXBuildFile; fileRef = 3A21D2922658791C00E11363 /* PreviewCollectionView.swift */; };
		3A8DB2952662178D002FF484 /* conch.usdz in Resources */ = {isa = PBXBuildFile; fileRef = 3A8DB2912662178B002FF484 /* conch.usdz */; };
		3A8DB2972662178D002FF484 /* wood_long.usdz in Resources */ = {isa = PBXBuildFile; fileRef = 3A8DB2932662178D002FF484 /* wood_long.usdz */; };
		3AD251672656D7F200A9A67D /* AppDelegate.swift in Sources */ = {isa = PBXBuildFile; fileRef = 3AD251662656D7F200A9A67D /* AppDelegate.swift */; };
		3AD251692656D7F200A9A67D /* ViewController.swift in Sources */ = {isa = PBXBuildFile; fileRef = 3AD251682656D7F200A9A67D /* ViewController.swift */; };
		3AD2516B2656D7F200A9A67D /* Experience.rcproject in Sources */ = {isa = PBXBuildFile; fileRef = 3AD2516A2656D7F200A9A67D /* Experience.rcproject */; };
		3AD2516E2656D7F200A9A67D /* Main.storyboard in Resources */ = {isa = PBXBuildFile; fileRef = 3AD2516C2656D7F200A9A67D /* Main.storyboard */; };
		3AD251702656D7F500A9A67D /* Assets.xcassets in Resources */ = {isa = PBXBuildFile; fileRef = 3AD2516F2656D7F500A9A67D /* Assets.xcassets */; };
		3AD251732656D7F500A9A67D /* LaunchScreen.storyboard in Resources */ = {isa = PBXBuildFile; fileRef = 3AD251712656D7F500A9A67D /* LaunchScreen.storyboard */; };
		3AD2517E2656E3E400A9A67D /* MultipeerSession in Frameworks */ = {isa = PBXBuildFile; productRef = 3AD2517D2656E3E400A9A67D /* MultipeerSession */; };
/* End PBXBuildFile section */

/* Begin PBXFileReference section */
		3A21D2722657DA8E00E11363 /* shell.usdz */ = {isa = PBXFileReference; lastKnownFileType = file.usdz; path = shell.usdz; sourceTree = "<group>"; };
		3A21D2792657F0A300E11363 /* FocusARView.swift */ = {isa = PBXFileReference; lastKnownFileType = sourcecode.swift; path = FocusARView.swift; sourceTree = "<group>"; };
		3A21D27B265836D200E11363 /* ViewController+Multipeer.swift */ = {isa = PBXFileReference; lastKnownFileType = sourcecode.swift; path = "ViewController+Multipeer.swift"; sourceTree = "<group>"; };
		3A21D27D26583A3D00E11363 /* Model.swift */ = {isa = PBXFileReference; lastKnownFileType = sourcecode.swift; path = Model.swift; sourceTree = "<group>"; };
		3A21D27F26583ACF00E11363 /* stone.usdz */ = {isa = PBXFileReference; lastKnownFileType = file.usdz; path = stone.usdz; sourceTree = "<group>"; };
		3A21D28026583AD000E11363 /* wood.usdz */ = {isa = PBXFileReference; lastKnownFileType = file.usdz; path = wood.usdz; sourceTree = "<group>"; };
		3A21D2882658660500E11363 /* View.xib */ = {isa = PBXFileReference; lastKnownFileType = file.xib; path = View.xib; sourceTree = "<group>"; };
		3A21D28A26586E6D00E11363 /* Berlindah.otf */ = {isa = PBXFileReference; lastKnownFileType = file; path = Berlindah.otf; sourceTree = "<group>"; };
		3A21D2912658791C00E11363 /* ZoomAndSnapFlowLayout.swift */ = {isa = PBXFileReference; fileEncoding = 4; lastKnownFileType = sourcecode.swift; path = ZoomAndSnapFlowLayout.swift; sourceTree = "<group>"; };
		3A21D2922658791C00E11363 /* PreviewCollectionView.swift */ = {isa = PBXFileReference; fileEncoding = 4; lastKnownFileType = sourcecode.swift; path = PreviewCollectionView.swift; sourceTree = "<group>"; };
		3A8DB2912662178B002FF484 /* conch.usdz */ = {isa = PBXFileReference; lastKnownFileType = file.usdz; path = conch.usdz; sourceTree = "<group>"; };
		3A8DB2932662178D002FF484 /* wood_long.usdz */ = {isa = PBXFileReference; lastKnownFileType = file.usdz; path = wood_long.usdz; sourceTree = "<group>"; };
		3AD251632656D7F200A9A67D /* AndClyde.app */ = {isa = PBXFileReference; explicitFileType = wrapper.application; includeInIndex = 0; path = AndClyde.app; sourceTree = BUILT_PRODUCTS_DIR; };
		3AD251662656D7F200A9A67D /* AppDelegate.swift */ = {isa = PBXFileReference; lastKnownFileType = sourcecode.swift; path = AppDelegate.swift; sourceTree = "<group>"; };
		3AD251682656D7F200A9A67D /* ViewController.swift */ = {isa = PBXFileReference; lastKnownFileType = sourcecode.swift; path = ViewController.swift; sourceTree = "<group>"; tabWidth = 5; };
		3AD2516A2656D7F200A9A67D /* Experience.rcproject */ = {isa = PBXFileReference; lastKnownFileType = file.rcproject; path = Experience.rcproject; sourceTree = "<group>"; };
		3AD2516D2656D7F200A9A67D /* Base */ = {isa = PBXFileReference; lastKnownFileType = file.storyboard; name = Base; path = Base.lproj/Main.storyboard; sourceTree = "<group>"; };
		3AD2516F2656D7F500A9A67D /* Assets.xcassets */ = {isa = PBXFileReference; lastKnownFileType = folder.assetcatalog; path = Assets.xcassets; sourceTree = "<group>"; };
		3AD251722656D7F500A9A67D /* Base */ = {isa = PBXFileReference; lastKnownFileType = file.storyboard; name = Base; path = Base.lproj/LaunchScreen.storyboard; sourceTree = "<group>"; };
		3AD251742656D7F500A9A67D /* Info.plist */ = {isa = PBXFileReference; lastKnownFileType = text.plist.xml; path = Info.plist; sourceTree = "<group>"; };
/* End PBXFileReference section */

/* Begin PBXFrameworksBuildPhase section */
		3AD251602656D7F200A9A67D /* Frameworks */ = {
			isa = PBXFrameworksBuildPhase;
			buildActionMask = 2147483647;
			files = (
				3A21D2782657F05D00E11363 /* FocusEntity in Frameworks */,
				3AD2517E2656E3E400A9A67D /* MultipeerSession in Frameworks */,
			);
			runOnlyForDeploymentPostprocessing = 0;
		};
/* End PBXFrameworksBuildPhase section */

/* Begin PBXGroup section */
		3A21D28626583AEF00E11363 /* 3DModels */ = {
			isa = PBXGroup;
			children = (
				3A21D27F26583ACF00E11363 /* stone.usdz */,
				3A21D28026583AD000E11363 /* wood.usdz */,
				3A21D2722657DA8E00E11363 /* shell.usdz */,
				3A8DB2912662178B002FF484 /* conch.usdz */,
				3A8DB2932662178D002FF484 /* wood_long.usdz */,
			);
			path = 3DModels;
			sourceTree = "<group>";
		};
		3A21D28726583B7800E11363 /* Assets */ = {
			isa = PBXGroup;
			children = (
				3A21D28A26586E6D00E11363 /* Berlindah.otf */,
				3AD2516A2656D7F200A9A67D /* Experience.rcproject */,
				3AD2516C2656D7F200A9A67D /* Main.storyboard */,
				3AD2516F2656D7F500A9A67D /* Assets.xcassets */,
				3AD251712656D7F500A9A67D /* LaunchScreen.storyboard */,
			);
			path = Assets;
			sourceTree = "<group>";
		};
		3A21D2952658792500E11363 /* CustomCollectionView */ = {
			isa = PBXGroup;
			children = (
				3A21D2922658791C00E11363 /* PreviewCollectionView.swift */,
				3A21D2912658791C00E11363 /* ZoomAndSnapFlowLayout.swift */,
			);
			path = CustomCollectionView;
			sourceTree = "<group>";
		};
		3AD2515A2656D7F200A9A67D = {
			isa = PBXGroup;
			children = (
				3AD251652656D7F200A9A67D /* AndClyde */,
				3AD251642656D7F200A9A67D /* Products */,
				E08C9752CFA89C9D5CF65809 /* Pods */,
			);
			sourceTree = "<group>";
		};
		3AD251642656D7F200A9A67D /* Products */ = {
			isa = PBXGroup;
			children = (
				3AD251632656D7F200A9A67D /* AndClyde.app */,
			);
			name = Products;
			sourceTree = "<group>";
		};
		3AD251652656D7F200A9A67D /* AndClyde */ = {
			isa = PBXGroup;
			children = (
				3AD251662656D7F200A9A67D /* AppDelegate.swift */,
				3AD251682656D7F200A9A67D /* ViewController.swift */,
				3A21D2882658660500E11363 /* View.xib */,
				3A21D27B265836D200E11363 /* ViewController+Multipeer.swift */,
				3AD251742656D7F500A9A67D /* Info.plist */,
				3A21D2792657F0A300E11363 /* FocusARView.swift */,
				3A21D27D26583A3D00E11363 /* Model.swift */,
				3A21D2952658792500E11363 /* CustomCollectionView */,
				3A21D28726583B7800E11363 /* Assets */,
				3A21D28626583AEF00E11363 /* 3DModels */,
			);
			path = AndClyde;
			sourceTree = "<group>";
		};
		E08C9752CFA89C9D5CF65809 /* Pods */ = {
			isa = PBXGroup;
			children = (
			);
			path = Pods;
			sourceTree = "<group>";
		};
/* End PBXGroup section */

/* Begin PBXNativeTarget section */
		3AD251622656D7F200A9A67D /* AndClyde */ = {
			isa = PBXNativeTarget;
			buildConfigurationList = 3AD251772656D7F500A9A67D /* Build configuration list for PBXNativeTarget "AndClyde" */;
			buildPhases = (
				3AD2515F2656D7F200A9A67D /* Sources */,
				3AD251602656D7F200A9A67D /* Frameworks */,
				3AD251612656D7F200A9A67D /* Resources */,
			);
			buildRules = (
			);
			dependencies = (
			);
			name = AndClyde;
			packageProductDependencies = (
				3AD2517D2656E3E400A9A67D /* MultipeerSession */,
				3A21D2772657F05D00E11363 /* FocusEntity */,
			);
			productName = AndClyde;
			productReference = 3AD251632656D7F200A9A67D /* AndClyde.app */;
			productType = "com.apple.product-type.application";
		};
/* End PBXNativeTarget section */

/* Begin PBXProject section */
		3AD2515B2656D7F200A9A67D /* Project object */ = {
			isa = PBXProject;
			attributes = {
				LastSwiftUpdateCheck = 1250;
				LastUpgradeCheck = 1250;
				TargetAttributes = {
					3AD251622656D7F200A9A67D = {
						CreatedOnToolsVersion = 12.5;
					};
				};
			};
			buildConfigurationList = 3AD2515E2656D7F200A9A67D /* Build configuration list for PBXProject "AndClyde" */;
			compatibilityVersion = "Xcode 9.3";
			developmentRegion = en;
			hasScannedForEncodings = 0;
			knownRegions = (
				en,
				Base,
			);
			mainGroup = 3AD2515A2656D7F200A9A67D;
			packageReferences = (
				3AD2517C2656E3E400A9A67D /* XCRemoteSwiftPackageReference "multipeer-session" */,
				3A21D2762657F05D00E11363 /* XCRemoteSwiftPackageReference "FocusEntity" */,
			);
			productRefGroup = 3AD251642656D7F200A9A67D /* Products */;
			projectDirPath = "";
			projectRoot = "";
			targets = (
				3AD251622656D7F200A9A67D /* AndClyde */,
			);
		};
/* End PBXProject section */

/* Begin PBXResourcesBuildPhase section */
		3AD251612656D7F200A9A67D /* Resources */ = {
			isa = PBXResourcesBuildPhase;
			buildActionMask = 2147483647;
			files = (
				3A21D2732657DA8E00E11363 /* shell.usdz in Resources */,
				3A21D28B26586E6D00E11363 /* Berlindah.otf in Resources */,
				3AD251732656D7F500A9A67D /* LaunchScreen.storyboard in Resources */,
				3A21D28326583AD000E11363 /* wood.usdz in Resources */,
				3A8DB2972662178D002FF484 /* wood_long.usdz in Resources */,
				3A21D2892658660500E11363 /* View.xib in Resources */,
				3AD251702656D7F500A9A67D /* Assets.xcassets in Resources */,
				3A21D28226583AD000E11363 /* stone.usdz in Resources */,
				3AD2516E2656D7F200A9A67D /* Main.storyboard in Resources */,
				3A8DB2952662178D002FF484 /* conch.usdz in Resources */,
			);
			runOnlyForDeploymentPostprocessing = 0;
		};
/* End PBXResourcesBuildPhase section */

/* Begin PBXSourcesBuildPhase section */
		3AD2515F2656D7F200A9A67D /* Sources */ = {
			isa = PBXSourcesBuildPhase;
			buildActionMask = 2147483647;
			files = (
				3AD251692656D7F200A9A67D /* ViewController.swift in Sources */,
				3A21D2932658791C00E11363 /* ZoomAndSnapFlowLayout.swift in Sources */,
				3AD251672656D7F200A9A67D /* AppDelegate.swift in Sources */,
				3A21D27C265836D200E11363 /* ViewController+Multipeer.swift in Sources */,
				3A21D27E26583A3D00E11363 /* Model.swift in Sources */,
				3A21D27A2657F0A300E11363 /* FocusARView.swift in Sources */,
				3AD2516B2656D7F200A9A67D /* Experience.rcproject in Sources */,
				3A21D2942658791C00E11363 /* PreviewCollectionView.swift in Sources */,
			);
			runOnlyForDeploymentPostprocessing = 0;
		};
/* End PBXSourcesBuildPhase section */

/* Begin PBXVariantGroup section */
		3AD2516C2656D7F200A9A67D /* Main.storyboard */ = {
			isa = PBXVariantGroup;
			children = (
				3AD2516D2656D7F200A9A67D /* Base */,
			);
			name = Main.storyboard;
			sourceTree = "<group>";
		};
		3AD251712656D7F500A9A67D /* LaunchScreen.storyboard */ = {
			isa = PBXVariantGroup;
			children = (
				3AD251722656D7F500A9A67D /* Base */,
			);
			name = LaunchScreen.storyboard;
			sourceTree = "<group>";
		};
/* End PBXVariantGroup section */

/* Begin XCBuildConfiguration section */
		3AD251752656D7F500A9A67D /* Debug */ = {
			isa = XCBuildConfiguration;
			buildSettings = {
				ALWAYS_SEARCH_USER_PATHS = NO;
				CLANG_ANALYZER_NONNULL = YES;
				CLANG_ANALYZER_NUMBER_OBJECT_CONVERSION = YES_AGGRESSIVE;
				CLANG_CXX_LANGUAGE_STANDARD = "gnu++14";
				CLANG_CXX_LIBRARY = "libc++";
				CLANG_ENABLE_MODULES = YES;
				CLANG_ENABLE_OBJC_ARC = YES;
				CLANG_ENABLE_OBJC_WEAK = YES;
				CLANG_WARN_BLOCK_CAPTURE_AUTORELEASING = YES;
				CLANG_WARN_BOOL_CONVERSION = YES;
				CLANG_WARN_COMMA = YES;
				CLANG_WARN_CONSTANT_CONVERSION = YES;
				CLANG_WARN_DEPRECATED_OBJC_IMPLEMENTATIONS = YES;
				CLANG_WARN_DIRECT_OBJC_ISA_USAGE = YES_ERROR;
				CLANG_WARN_DOCUMENTATION_COMMENTS = YES;
				CLANG_WARN_EMPTY_BODY = YES;
				CLANG_WARN_ENUM_CONVERSION = YES;
				CLANG_WARN_INFINITE_RECURSION = YES;
				CLANG_WARN_INT_CONVERSION = YES;
				CLANG_WARN_NON_LITERAL_NULL_CONVERSION = YES;
				CLANG_WARN_OBJC_IMPLICIT_RETAIN_SELF = YES;
				CLANG_WARN_OBJC_LITERAL_CONVERSION = YES;
				CLANG_WARN_OBJC_ROOT_CLASS = YES_ERROR;
				CLANG_WARN_QUOTED_INCLUDE_IN_FRAMEWORK_HEADER = YES;
				CLANG_WARN_RANGE_LOOP_ANALYSIS = YES;
				CLANG_WARN_STRICT_PROTOTYPES = YES;
				CLANG_WARN_SUSPICIOUS_MOVE = YES;
				CLANG_WARN_UNGUARDED_AVAILABILITY = YES_AGGRESSIVE;
				CLANG_WARN_UNREACHABLE_CODE = YES;
				CLANG_WARN__DUPLICATE_METHOD_MATCH = YES;
				COPY_PHASE_STRIP = NO;
				DEBUG_INFORMATION_FORMAT = dwarf;
				ENABLE_STRICT_OBJC_MSGSEND = YES;
				ENABLE_TESTABILITY = YES;
				GCC_C_LANGUAGE_STANDARD = gnu11;
				GCC_DYNAMIC_NO_PIC = NO;
				GCC_NO_COMMON_BLOCKS = YES;
				GCC_OPTIMIZATION_LEVEL = 0;
				GCC_PREPROCESSOR_DEFINITIONS = (
					"DEBUG=1",
					"$(inherited)",
				);
				GCC_WARN_64_TO_32_BIT_CONVERSION = YES;
				GCC_WARN_ABOUT_RETURN_TYPE = YES_ERROR;
				GCC_WARN_UNDECLARED_SELECTOR = YES;
				GCC_WARN_UNINITIALIZED_AUTOS = YES_AGGRESSIVE;
				GCC_WARN_UNUSED_FUNCTION = YES;
				GCC_WARN_UNUSED_VARIABLE = YES;
				IPHONEOS_DEPLOYMENT_TARGET = 14.5;
				MTL_ENABLE_DEBUG_INFO = INCLUDE_SOURCE;
				MTL_FAST_MATH = YES;
				ONLY_ACTIVE_ARCH = YES;
				SDKROOT = iphoneos;
				SWIFT_ACTIVE_COMPILATION_CONDITIONS = DEBUG;
				SWIFT_OPTIMIZATION_LEVEL = "-Onone";
			};
			name = Debug;
		};
		3AD251762656D7F500A9A67D /* Release */ = {
			isa = XCBuildConfiguration;
			buildSettings = {
				ALWAYS_SEARCH_USER_PATHS = NO;
				CLANG_ANALYZER_NONNULL = YES;
				CLANG_ANALYZER_NUMBER_OBJECT_CONVERSION = YES_AGGRESSIVE;
				CLANG_CXX_LANGUAGE_STANDARD = "gnu++14";
				CLANG_CXX_LIBRARY = "libc++";
				CLANG_ENABLE_MODULES = YES;
				CLANG_ENABLE_OBJC_ARC = YES;
				CLANG_ENABLE_OBJC_WEAK = YES;
				CLANG_WARN_BLOCK_CAPTURE_AUTORELEASING = YES;
				CLANG_WARN_BOOL_CONVERSION = YES;
				CLANG_WARN_COMMA = YES;
				CLANG_WARN_CONSTANT_CONVERSION = YES;
				CLANG_WARN_DEPRECATED_OBJC_IMPLEMENTATIONS = YES;
				CLANG_WARN_DIRECT_OBJC_ISA_USAGE = YES_ERROR;
				CLANG_WARN_DOCUMENTATION_COMMENTS = YES;
				CLANG_WARN_EMPTY_BODY = YES;
				CLANG_WARN_ENUM_CONVERSION = YES;
				CLANG_WARN_INFINITE_RECURSION = YES;
				CLANG_WARN_INT_CONVERSION = YES;
				CLANG_WARN_NON_LITERAL_NULL_CONVERSION = YES;
				CLANG_WARN_OBJC_IMPLICIT_RETAIN_SELF = YES;
				CLANG_WARN_OBJC_LITERAL_CONVERSION = YES;
				CLANG_WARN_OBJC_ROOT_CLASS = YES_ERROR;
				CLANG_WARN_QUOTED_INCLUDE_IN_FRAMEWORK_HEADER = YES;
				CLANG_WARN_RANGE_LOOP_ANALYSIS = YES;
				CLANG_WARN_STRICT_PROTOTYPES = YES;
				CLANG_WARN_SUSPICIOUS_MOVE = YES;
				CLANG_WARN_UNGUARDED_AVAILABILITY = YES_AGGRESSIVE;
				CLANG_WARN_UNREACHABLE_CODE = YES;
				CLANG_WARN__DUPLICATE_METHOD_MATCH = YES;
				COPY_PHASE_STRIP = NO;
				DEBUG_INFORMATION_FORMAT = "dwarf-with-dsym";
				ENABLE_NS_ASSERTIONS = NO;
				ENABLE_STRICT_OBJC_MSGSEND = YES;
				GCC_C_LANGUAGE_STANDARD = gnu11;
				GCC_NO_COMMON_BLOCKS = YES;
				GCC_WARN_64_TO_32_BIT_CONVERSION = YES;
				GCC_WARN_ABOUT_RETURN_TYPE = YES_ERROR;
				GCC_WARN_UNDECLARED_SELECTOR = YES;
				GCC_WARN_UNINITIALIZED_AUTOS = YES_AGGRESSIVE;
				GCC_WARN_UNUSED_FUNCTION = YES;
				GCC_WARN_UNUSED_VARIABLE = YES;
				IPHONEOS_DEPLOYMENT_TARGET = 14.5;
				MTL_ENABLE_DEBUG_INFO = NO;
				MTL_FAST_MATH = YES;
				SDKROOT = iphoneos;
				SWIFT_COMPILATION_MODE = wholemodule;
				SWIFT_OPTIMIZATION_LEVEL = "-O";
				VALIDATE_PRODUCT = YES;
			};
			name = Release;
		};
		3AD251782656D7F500A9A67D /* Debug */ = {
			isa = XCBuildConfiguration;
			buildSettings = {
				ASSETCATALOG_COMPILER_APPICON_NAME = AppIcon;
				ASSETCATALOG_COMPILER_GLOBAL_ACCENT_COLOR_NAME = AccentColor;
				CODE_SIGN_IDENTITY = "Apple Development";
				CODE_SIGN_STYLE = Automatic;
				CURRENT_PROJECT_VERSION = 3;
				DEVELOPMENT_TEAM = A42TUUCYD6;
				INFOPLIST_FILE = AndClyde/Info.plist;
				IPHONEOS_DEPLOYMENT_TARGET = 13.0;
				LD_RUNPATH_SEARCH_PATHS = (
					"$(inherited)",
					"@executable_path/Frameworks",
				);
				MARKETING_VERSION = 0.1.1;
				PRODUCT_BUNDLE_IDENTIFIER = com.ivanou.andclydeCo.AndClyde;
				PRODUCT_NAME = "$(TARGET_NAME)";
				PROVISIONING_PROFILE_SPECIFIER = "";
				SWIFT_VERSION = 5.0;
				TARGETED_DEVICE_FAMILY = "1,2";
			};
			name = Debug;
		};
		3AD251792656D7F500A9A67D /* Release */ = {
			isa = XCBuildConfiguration;
			buildSettings = {
				ASSETCATALOG_COMPILER_APPICON_NAME = AppIcon;
				ASSETCATALOG_COMPILER_GLOBAL_ACCENT_COLOR_NAME = AccentColor;
				CODE_SIGN_IDENTITY = "iPhone Distribution";
				CODE_SIGN_STYLE = Manual;
				CURRENT_PROJECT_VERSION = 3;
				DEVELOPMENT_TEAM = A42TUUCYD6;
				INFOPLIST_FILE = AndClyde/Info.plist;
				IPHONEOS_DEPLOYMENT_TARGET = 13.0;
				LD_RUNPATH_SEARCH_PATHS = (
					"$(inherited)",
					"@executable_path/Frameworks",
				);
				MARKETING_VERSION = 0.1.1;
				PRODUCT_BUNDLE_IDENTIFIER = com.ivanou.andclyde.dev;
				PRODUCT_NAME = "$(TARGET_NAME)";
				PROVISIONING_PROFILE_SPECIFIER = "AdHoc Ivanou";
				SWIFT_VERSION = 5.0;
				TARGETED_DEVICE_FAMILY = "1,2";
			};
			name = Release;
		};
/* End XCBuildConfiguration section */

/* Begin XCConfigurationList section */
		3AD2515E2656D7F200A9A67D /* Build configuration list for PBXProject "AndClyde" */ = {
			isa = XCConfigurationList;
			buildConfigurations = (
				3AD251752656D7F500A9A67D /* Debug */,
				3AD251762656D7F500A9A67D /* Release */,
			);
			defaultConfigurationIsVisible = 0;
			defaultConfigurationName = Release;
		};
		3AD251772656D7F500A9A67D /* Build configuration list for PBXNativeTarget "AndClyde" */ = {
			isa = XCConfigurationList;
			buildConfigurations = (
				3AD251782656D7F500A9A67D /* Debug */,
				3AD251792656D7F500A9A67D /* Release */,
			);
			defaultConfigurationIsVisible = 0;
			defaultConfigurationName = Release;
		};
/* End XCConfigurationList section */

/* Begin XCRemoteSwiftPackageReference section */
		3A21D2762657F05D00E11363 /* XCRemoteSwiftPackageReference "FocusEntity" */ = {
			isa = XCRemoteSwiftPackageReference;
			repositoryURL = "https://github.com/maxxfrazer/FocusEntity";
			requirement = {
				kind = upToNextMajorVersion;
				minimumVersion = 2.2.3;
			};
		};
		3AD2517C2656E3E400A9A67D /* XCRemoteSwiftPackageReference "multipeer-session" */ = {
			isa = XCRemoteSwiftPackageReference;
			repositoryURL = "https://github.com/AddedLayer/multipeer-session.git";
			requirement = {
				kind = upToNextMajorVersion;
				minimumVersion = 1.0.1;
			};
		};
/* End XCRemoteSwiftPackageReference section */

/* Begin XCSwiftPackageProductDependency section */
		3A21D2772657F05D00E11363 /* FocusEntity */ = {
			isa = XCSwiftPackageProductDependency;
			package = 3A21D2762657F05D00E11363 /* XCRemoteSwiftPackageReference "FocusEntity" */;
			productName = FocusEntity;
		};
		3AD2517D2656E3E400A9A67D /* MultipeerSession */ = {
			isa = XCSwiftPackageProductDependency;
			package = 3AD2517C2656E3E400A9A67D /* XCRemoteSwiftPackageReference "multipeer-session" */;
			productName = MultipeerSession;
		};
/* End XCSwiftPackageProductDependency section */
	};
	rootObject = 3AD2515B2656D7F200A9A67D /* Project object */;
}
